
Microsoft Visual Studio Solution File, Format Version 12.00
# Visual Studio Version 17
VisualStudioVersion = 17.12.35707.178 d17.12
MinimumVisualStudioVersion = 10.0.40219.1
Project("{F184B08F-C81C-45F6-A57F-5ABD9991F28F}") = "Audio Mixer", "Audio Mixer\Audio Mixer.vbproj", "{D19CAABF-3405-4ADC-B35B-51B5CCCA5F3B}"
EndProject
Global
	GlobalSection(SolutionConfigurationPlatforms) = preSolution
		Debug|Any CPU = Debug|Any CPU
		Release|Any CPU = Release|Any CPU
	EndGlobalSection
	GlobalSection(ProjectConfigurationPlatforms) = postSolution
		{D19CAABF-3405-4ADC-B35B-51B5CCCA5F3B}.Debug|Any CPU.ActiveCfg = Debug|Any CPU
		{D19CAABF-3405-4ADC-B35B-51B5CCCA5F3B}.Debug|Any CPU.Build.0 = Debug|Any CPU
		{D19CAABF-3405-4ADC-B35B-51B5CCCA5F3B}.Release|Any CPU.ActiveCfg = Release|Any CPU
		{D19CAABF-3405-4ADC-B35B-51B5CCCA5F3B}.Release|Any CPU.Build.0 = Release|Any CPU
	EndGlobalSection
	GlobalSection(SolutionProperties) = preSolution
		HideSolutionNode = FALSE
	EndGlobalSection
EndGlobal
